
Microsoft Visual Studio Solution File, Format Version 12.00
# Visual Studio Version 17
VisualStudioVersion = 17.4.33205.214
MinimumVisualStudioVersion = 10.0.40219.1
Project("{9A19103F-16F7-4668-BE54-9A1E7A4F7556}") = "FantasyBookShop.Server", "FantasyBookShop\Server\FantasyBookShop.Server.csproj", "{9795AC12-FC6F-4925-9584-C47D8EDC8C70}"
EndProject
Project("{9A19103F-16F7-4668-BE54-9A1E7A4F7556}") = "FantasyBookShop.Client", "FantasyBookShop\Client\FantasyBookShop.Client.csproj", "{E7BCC339-F80E-4797-8D74-9705F9F88882}"
EndProject
Project("{9A19103F-16F7-4668-BE54-9A1E7A4F7556}") = "FantasyBookShop.Shared", "FantasyBookShop\Shared\FantasyBookShop.Shared.csproj", "{47C392A7-2603-4A81-9B59-EC0F4114AA50}"
EndProject
Global
	GlobalSection(SolutionConfigurationPlatforms) = preSolution
		Debug|Any CPU = Debug|Any CPU
		Release|Any CPU = Release|Any CPU
	EndGlobalSection
	GlobalSection(ProjectConfigurationPlatforms) = postSolution
		{9795AC12-FC6F-4925-9584-C47D8EDC8C70}.Debug|Any CPU.ActiveCfg = Debug|Any CPU
		{9795AC12-FC6F-4925-9584-C47D8EDC8C70}.Debug|Any CPU.Build.0 = Debug|Any CPU
		{9795AC12-FC6F-4925-9584-C47D8EDC8C70}.Release|Any CPU.ActiveCfg = Release|Any CPU
		{9795AC12-FC6F-4925-9584-C47D8EDC8C70}.Release|Any CPU.Build.0 = Release|Any CPU
		{E7BCC339-F80E-4797-8D74-9705F9F88882}.Debug|Any CPU.ActiveCfg = Debug|Any CPU
		{E7BCC339-F80E-4797-8D74-9705F9F88882}.Debug|Any CPU.Build.0 = Debug|Any CPU
		{E7BCC339-F80E-4797-8D74-9705F9F88882}.Release|Any CPU.ActiveCfg = Release|Any CPU
		{E7BCC339-F80E-4797-8D74-9705F9F88882}.Release|Any CPU.Build.0 = Release|Any CPU
		{47C392A7-2603-4A81-9B59-EC0F4114AA50}.Debug|Any CPU.ActiveCfg = Debug|Any CPU
		{47C392A7-2603-4A81-9B59-EC0F4114AA50}.Debug|Any CPU.Build.0 = Debug|Any CPU
		{47C392A7-2603-4A81-9B59-EC0F4114AA50}.Release|Any CPU.ActiveCfg = Release|Any CPU
		{47C392A7-2603-4A81-9B59-EC0F4114AA50}.Release|Any CPU.Build.0 = Release|Any CPU
	EndGlobalSection
	GlobalSection(SolutionProperties) = preSolution
		HideSolutionNode = FALSE
	EndGlobalSection
	GlobalSection(ExtensibilityGlobals) = postSolution
		SolutionGuid = {64C43052-064A-4D6E-8E4E-266620DAC5DE}
	EndGlobalSection
EndGlobal
